
Microsoft Visual Studio Solution File, Format Version 12.00
# Visual Studio 15
VisualStudioVersion = 15.0.28307.329
MinimumVisualStudioVersion = 10.0.40219.1
Project("{FAE04EC0-301F-11D3-BF4B-00C04F79EFBC}") = "EFNorthwindManagement", "EFNorthwindManagement\EFNorthwindManagement.csproj", "{17FFACD4-FDCE-4BDC-9C4E-83779B54899C}"
EndProject
Global
	GlobalSection(SolutionConfigurationPlatforms) = preSolution
		Debug|Any CPU = Debug|Any CPU
		Release|Any CPU = Release|Any CPU
	EndGlobalSection
	GlobalSection(ProjectConfigurationPlatforms) = postSolution
		{17FFACD4-FDCE-4BDC-9C4E-83779B54899C}.Debug|Any CPU.ActiveCfg = Debug|Any CPU
		{17FFACD4-FDCE-4BDC-9C4E-83779B54899C}.Debug|Any CPU.Build.0 = Debug|Any CPU
		{17FFACD4-FDCE-4BDC-9C4E-83779B54899C}.Release|Any CPU.ActiveCfg = Release|Any CPU
		{17FFACD4-FDCE-4BDC-9C4E-83779B54899C}.Release|Any CPU.Build.0 = Release|Any CPU
	EndGlobalSection
	GlobalSection(SolutionProperties) = preSolution
		HideSolutionNode = FALSE
	EndGlobalSection
	GlobalSection(ExtensibilityGlobals) = postSolution
		SolutionGuid = {AB2B30AC-B64E-4702-A5AC-7F65D4F2C543}
	EndGlobalSection
EndGlobal
